// !$*UTF8*$!
{
	archiveVersion = 1;
	classes = {
	};
	objectVersion = 46;
	objects = {

/* Begin PBXBuildFile section */
		776164341D23936A00C8161C /* CustomActivityIndicator.m in Sources */ = {isa = PBXBuildFile; fileRef = 776164331D23936A00C8161C /* CustomActivityIndicator.m */; };
		776164391D23B7E300C8161C /* CustomSineWaveIndicator.m in Sources */ = {isa = PBXBuildFile; fileRef = 776164381D23B7E300C8161C /* CustomSineWaveIndicator.m */; };
		7766150A1B2FE08200ADAA13 /* main.m in Sources */ = {isa = PBXBuildFile; fileRef = 776615091B2FE08200ADAA13 /* main.m */; };
		7766150D1B2FE08200ADAA13 /* AppDelegate.m in Sources */ = {isa = PBXBuildFile; fileRef = 7766150C1B2FE08200ADAA13 /* AppDelegate.m */; };
		776615101B2FE08200ADAA13 /* ViewController.m in Sources */ = {isa = PBXBuildFile; fileRef = 7766150F1B2FE08200ADAA13 /* ViewController.m */; };
		776615131B2FE08200ADAA13 /* Main.storyboard in Resources */ = {isa = PBXBuildFile; fileRef = 776615111B2FE08200ADAA13 /* Main.storyboard */; };
		776615151B2FE08200ADAA13 /* Images.xcassets in Resources */ = {isa = PBXBuildFile; fileRef = 776615141B2FE08200ADAA13 /* Images.xcassets */; };
		776615181B2FE08200ADAA13 /* LaunchScreen.xib in Resources */ = {isa = PBXBuildFile; fileRef = 776615161B2FE08200ADAA13 /* LaunchScreen.xib */; };
		776615241B2FE08200ADAA13 /* CustomDrawingTests.m in Sources */ = {isa = PBXBuildFile; fileRef = 776615231B2FE08200ADAA13 /* CustomDrawingTests.m */; };
		7766152F1B2FE0CC00ADAA13 /* VPN_Off.png in Resources */ = {isa = PBXBuildFile; fileRef = 7766152D1B2FE0CC00ADAA13 /* VPN_Off.png */; };
		776615301B2FE0CC00ADAA13 /* VPN_On.png in Resources */ = {isa = PBXBuildFile; fileRef = 7766152E1B2FE0CC00ADAA13 /* VPN_On.png */; };
		776615321B2FF77400ADAA13 /* digit.gif in Resources */ = {isa = PBXBuildFile; fileRef = 776615311B2FF77400ADAA13 /* digit.gif */; };
		776615381B301A3200ADAA13 /* poof1.png in Resources */ = {isa = PBXBuildFile; fileRef = 776615331B301A3200ADAA13 /* poof1.png */; };
		776615391B301A3200ADAA13 /* poof2.png in Resources */ = {isa = PBXBuildFile; fileRef = 776615341B301A3200ADAA13 /* poof2.png */; };
		7766153A1B301A3200ADAA13 /* poof3.png in Resources */ = {isa = PBXBuildFile; fileRef = 776615351B301A3200ADAA13 /* poof3.png */; };
		7766153B1B301A3200ADAA13 /* poof4.png in Resources */ = {isa = PBXBuildFile; fileRef = 776615361B301A3200ADAA13 /* poof4.png */; };
		7766153C1B301A3200ADAA13 /* poof5.png in Resources */ = {isa = PBXBuildFile; fileRef = 776615371B301A3200ADAA13 /* poof5.png */; };
/* End PBXBuildFile section */

/* Begin PBXContainerItemProxy section */
		7766151E1B2FE08200ADAA13 /* PBXContainerItemProxy */ = {
			isa = PBXContainerItemProxy;
			containerPortal = 776614FC1B2FE08200ADAA13 /* Project object */;
			proxyType = 1;
			remoteGlobalIDString = 776615031B2FE08200ADAA13;
			remoteInfo = CustomDrawing;
		};
/* End PBXContainerItemProxy section */

/* Begin PBXFileReference section */
		776164321D23936A00C8161C /* CustomActivityIndicator.h */ = {isa = PBXFileReference; fileEncoding = 4; lastKnownFileType = sourcecode.c.h; path = CustomActivityIndicator.h; sourceTree = "<group>"; };
		776164331D23936A00C8161C /* CustomActivityIndicator.m */ = {isa = PBXFileReference; fileEncoding = 4; lastKnownFileType = sourcecode.c.objc; path = CustomActivityIndicator.m; sourceTree = "<group>"; };
		776164371D23B7E300C8161C /* CustomSineWaveIndicator.h */ = {isa = PBXFileReference; fileEncoding = 4; lastKnownFileType = sourcecode.c.h; path = CustomSineWaveIndicator.h; sourceTree = "<group>"; };
		776164381D23B7E300C8161C /* CustomSineWaveIndicator.m */ = {isa = PBXFileReference; fileEncoding = 4; lastKnownFileType = sourcecode.c.objc; path = CustomSineWaveIndicator.m; sourceTree = "<group>"; };
		776615041B2FE08200ADAA13 /* CustomDrawing.app */ = {isa = PBXFileReference; explicitFileType = wrapper.application; includeInIndex = 0; path = CustomDrawing.app; sourceTree = BUILT_PRODUCTS_DIR; };
		776615081B2FE08200ADAA13 /* Info.plist */ = {isa = PBXFileReference; lastKnownFileType = text.plist.xml; path = Info.plist; sourceTree = "<group>"; };
		776615091B2FE08200ADAA13 /* main.m */ = {isa = PBXFileReference; lastKnownFileType = sourcecode.c.objc; path = main.m; sourceTree = "<group>"; };
		7766150B1B2FE08200ADAA13 /* AppDelegate.h */ = {isa = PBXFileReference; lastKnownFileType = sourcecode.c.h; path = AppDelegate.h; sourceTree = "<group>"; };
		7766150C1B2FE08200ADAA13 /* AppDelegate.m */ = {isa = PBXFileReference; lastKnownFileType = sourcecode.c.objc; path = AppDelegate.m; sourceTree = "<group>"; };
		7766150E1B2FE08200ADAA13 /* ViewController.h */ = {isa = PBXFileReference; lastKnownFileType = sourcecode.c.h; path = ViewController.h; sourceTree = "<group>"; };
		7766150F1B2FE08200ADAA13 /* ViewController.m */ = {isa = PBXFileReference; lastKnownFileType = sourcecode.c.objc; path = ViewController.m; sourceTree = "<group>"; };
		776615121B2FE08200ADAA13 /* Base */ = {isa = PBXFileReference; lastKnownFileType = file.storyboard; name = Base; path = Base.lproj/Main.storyboard; sourceTree = "<group>"; };
		776615141B2FE08200ADAA13 /* Images.xcassets */ = {isa = PBXFileReference; lastKnownFileType = folder.assetcatalog; path = Images.xcassets; sourceTree = "<group>"; };
		776615171B2FE08200ADAA13 /* Base */ = {isa = PBXFileReference; lastKnownFileType = file.xib; name = Base; path = Base.lproj/LaunchScreen.xib; sourceTree = "<group>"; };
		7766151D1B2FE08200ADAA13 /* CustomDrawingTests.xctest */ = {isa = PBXFileReference; explicitFileType = wrapper.cfbundle; includeInIndex = 0; path = CustomDrawingTests.xctest; sourceTree = BUILT_PRODUCTS_DIR; };
		776615221B2FE08200ADAA13 /* Info.plist */ = {isa = PBXFileReference; lastKnownFileType = text.plist.xml; path = Info.plist; sourceTree = "<group>"; };
		776615231B2FE08200ADAA13 /* CustomDrawingTests.m */ = {isa = PBXFileReference; lastKnownFileType = sourcecode.c.objc; path = CustomDrawingTests.m; sourceTree = "<group>"; };
		7766152D1B2FE0CC00ADAA13 /* VPN_Off.png */ = {isa = PBXFileReference; lastKnownFileType = image.png; path = VPN_Off.png; sourceTree = "<group>"; };
		7766152E1B2FE0CC00ADAA13 /* VPN_On.png */ = {isa = PBXFileReference; lastKnownFileType = image.png; path = VPN_On.png; sourceTree = "<group>"; };
		776615311B2FF77400ADAA13 /* digit.gif */ = {isa = PBXFileReference; lastKnownFileType = image.gif; path = digit.gif; sourceTree = "<group>"; };
		776615331B301A3200ADAA13 /* poof1.png */ = {isa = PBXFileReference; lastKnownFileType = image.png; path = poof1.png; sourceTree = "<group>"; };
		776615341B301A3200ADAA13 /* poof2.png */ = {isa = PBXFileReference; lastKnownFileType = image.png; path = poof2.png; sourceTree = "<group>"; };
		776615351B301A3200ADAA13 /* poof3.png */ = {isa = PBXFileReference; lastKnownFileType = image.png; path = poof3.png; sourceTree = "<group>"; };
		776615361B301A3200ADAA13 /* poof4.png */ = {isa = PBXFileReference; lastKnownFileType = image.png; path = poof4.png; sourceTree = "<group>"; };
		776615371B301A3200ADAA13 /* poof5.png */ = {isa = PBXFileReference; lastKnownFileType = image.png; path = poof5.png; sourceTree = "<group>"; };
/* End PBXFileReference section */

/* Begin PBXFrameworksBuildPhase section */
		776615011B2FE08200ADAA13 /* Frameworks */ = {
			isa = PBXFrameworksBuildPhase;
			buildActionMask = 2147483647;
			files = (
			);
			runOnlyForDeploymentPostprocessing = 0;
		};
		7766151A1B2FE08200ADAA13 /* Frameworks */ = {
			isa = PBXFrameworksBuildPhase;
			buildActionMask = 2147483647;
			files = (
			);
			runOnlyForDeploymentPostprocessing = 0;
		};
/* End PBXFrameworksBuildPhase section */

/* Begin PBXGroup section */
		776614FB1B2FE08200ADAA13 = {
			isa = PBXGroup;
			children = (
				776615061B2FE08200ADAA13 /* CustomDrawing */,
				776615201B2FE08200ADAA13 /* CustomDrawingTests */,
				776615051B2FE08200ADAA13 /* Products */,
			);
			sourceTree = "<group>";
		};
		776615051B2FE08200ADAA13 /* Products */ = {
			isa = PBXGroup;
			children = (
				776615041B2FE08200ADAA13 /* CustomDrawing.app */,
				7766151D1B2FE08200ADAA13 /* CustomDrawingTests.xctest */,
			);
			name = Products;
			sourceTree = "<group>";
		};
		776615061B2FE08200ADAA13 /* CustomDrawing */ = {
			isa = PBXGroup;
			children = (
				776164321D23936A00C8161C /* CustomActivityIndicator.h */,
				776164331D23936A00C8161C /* CustomActivityIndicator.m */,
				7766150B1B2FE08200ADAA13 /* AppDelegate.h */,
				7766150C1B2FE08200ADAA13 /* AppDelegate.m */,
				7766150E1B2FE08200ADAA13 /* ViewController.h */,
				7766150F1B2FE08200ADAA13 /* ViewController.m */,
				776615111B2FE08200ADAA13 /* Main.storyboard */,
				776615141B2FE08200ADAA13 /* Images.xcassets */,
				776615161B2FE08200ADAA13 /* LaunchScreen.xib */,
				776615071B2FE08200ADAA13 /* Supporting Files */,
				776164371D23B7E300C8161C /* CustomSineWaveIndicator.h */,
				776164381D23B7E300C8161C /* CustomSineWaveIndicator.m */,
			);
			path = CustomDrawing;
			sourceTree = "<group>";
		};
		776615071B2FE08200ADAA13 /* Supporting Files */ = {
			isa = PBXGroup;
			children = (
				776615331B301A3200ADAA13 /* poof1.png */,
				776615341B301A3200ADAA13 /* poof2.png */,
				776615351B301A3200ADAA13 /* poof3.png */,
				776615361B301A3200ADAA13 /* poof4.png */,
				776615371B301A3200ADAA13 /* poof5.png */,
				776615311B2FF77400ADAA13 /* digit.gif */,
				7766152D1B2FE0CC00ADAA13 /* VPN_Off.png */,
				7766152E1B2FE0CC00ADAA13 /* VPN_On.png */,
				776615081B2FE08200ADAA13 /* Info.plist */,
				776615091B2FE08200ADAA13 /* main.m */,
			);
			name = "Supporting Files";
			sourceTree = "<group>";
		};
		776615201B2FE08200ADAA13 /* CustomDrawingTests */ = {
			isa = PBXGroup;
			children = (
				776615231B2FE08200ADAA13 /* CustomDrawingTests.m */,
				776615211B2FE08200ADAA13 /* Supporting Files */,
			);
			path = CustomDrawingTests;
			sourceTree = "<group>";
		};
		776615211B2FE08200ADAA13 /* Supporting Files */ = {
			isa = PBXGroup;
			children = (
				776615221B2FE08200ADAA13 /* Info.plist */,
			);
			name = "Supporting Files";
			sourceTree = "<group>";
		};
/* End PBXGroup section */

/* Begin PBXNativeTarget section */
		776615031B2FE08200ADAA13 /* CustomDrawing */ = {
			isa = PBXNativeTarget;
			buildConfigurationList = 776615271B2FE08200ADAA13 /* Build configuration list for PBXNativeTarget "CustomDrawing" */;
			buildPhases = (
				776615001B2FE08200ADAA13 /* Sources */,
				776615011B2FE08200ADAA13 /* Frameworks */,
				776615021B2FE08200ADAA13 /* Resources */,
			);
			buildRules = (
			);
			dependencies = (
			);
			name = CustomDrawing;
			productName = CustomDrawing;
			productReference = 776615041B2FE08200ADAA13 /* CustomDrawing.app */;
			productType = "com.apple.product-type.application";
		};
		7766151C1B2FE08200ADAA13 /* CustomDrawingTests */ = {
			isa = PBXNativeTarget;
			buildConfigurationList = 7766152A1B2FE08200ADAA13 /* Build configuration list for PBXNativeTarget "CustomDrawingTests" */;
			buildPhases = (
				776615191B2FE08200ADAA13 /* Sources */,
				7766151A1B2FE08200ADAA13 /* Frameworks */,
				7766151B1B2FE08200ADAA13 /* Resources */,
			);
			buildRules = (
			);
			dependencies = (
				7766151F1B2FE08200ADAA13 /* PBXTargetDependency */,
			);
			name = CustomDrawingTests;
			productName = CustomDrawingTests;
			productReference = 7766151D1B2FE08200ADAA13 /* CustomDrawingTests.xctest */;
			productType = "com.apple.product-type.bundle.unit-test";
		};
/* End PBXNativeTarget section */

/* Begin PBXProject section */
		776614FC1B2FE08200ADAA13 /* Project object */ = {
			isa = PBXProject;
			attributes = {
				LastSwiftUpdateCheck = 0720;
				LastUpgradeCheck = 0630;
				ORGANIZATIONNAME = "Yashodhan Gokhale";
				TargetAttributes = {
					776615031B2FE08200ADAA13 = {
						CreatedOnToolsVersion = 6.3.2;
					};
					7766151C1B2FE08200ADAA13 = {
						CreatedOnToolsVersion = 6.3.2;
						TestTargetID = 776615031B2FE08200ADAA13;
					};
				};
			};
			buildConfigurationList = 776614FF1B2FE08200ADAA13 /* Build configuration list for PBXProject "CustomDrawing" */;
			compatibilityVersion = "Xcode 3.2";
			developmentRegion = English;
			hasScannedForEncodings = 0;
			knownRegions = (
				en,
				Base,
			);
			mainGroup = 776614FB1B2FE08200ADAA13;
			productRefGroup = 776615051B2FE08200ADAA13 /* Products */;
			projectDirPath = "";
			projectRoot = "";
			targets = (
				776615031B2FE08200ADAA13 /* CustomDrawing */,
				7766151C1B2FE08200ADAA13 /* CustomDrawingTests */,
			);
		};
/* End PBXProject section */

/* Begin PBXResourcesBuildPhase section */
		776615021B2FE08200ADAA13 /* Resources */ = {
			isa = PBXResourcesBuildPhase;
			buildActionMask = 2147483647;
			files = (
				7766153B1B301A3200ADAA13 /* poof4.png in Resources */,
				7766152F1B2FE0CC00ADAA13 /* VPN_Off.png in Resources */,
				776615131B2FE08200ADAA13 /* Main.storyboard in Resources */,
				776615391B301A3200ADAA13 /* poof2.png in Resources */,
				776615301B2FE0CC00ADAA13 /* VPN_On.png in Resources */,
				776615181B2FE08200ADAA13 /* LaunchScreen.xib in Resources */,
				7766153A1B301A3200ADAA13 /* poof3.png in Resources */,
				776615381B301A3200ADAA13 /* poof1.png in Resources */,
				7766153C1B301A3200ADAA13 /* poof5.png in Resources */,
				776615321B2FF77400ADAA13 /* digit.gif in Resources */,
				776615151B2FE08200ADAA13 /* Images.xcassets in Resources */,
			);
			runOnlyForDeploymentPostprocessing = 0;
		};
		7766151B1B2FE08200ADAA13 /* Resources */ = {
			isa = PBXResourcesBuildPhase;
			buildActionMask = 2147483647;
			files = (
			);
			runOnlyForDeploymentPostprocessing = 0;
		};
/* End PBXResourcesBuildPhase section */

/* Begin PBXSourcesBuildPhase section */
		776615001B2FE08200ADAA13 /* Sources */ = {
			isa = PBXSourcesBuildPhase;
			buildActionMask = 2147483647;
			files = (
				776615101B2FE08200ADAA13 /* ViewController.m in Sources */,
				776164341D23936A00C8161C /* CustomActivityIndicator.m in Sources */,
				7766150D1B2FE08200ADAA13 /* AppDelegate.m in Sources */,
				776164391D23B7E300C8161C /* CustomSineWaveIndicator.m in Sources */,
				7766150A1B2FE08200ADAA13 /* main.m in Sources */,
			);
			runOnlyForDeploymentPostprocessing = 0;
		};
		776615191B2FE08200ADAA13 /* Sources */ = {
			isa = PBXSourcesBuildPhase;
			buildActionMask = 2147483647;
			files = (
				776615241B2FE08200ADAA13 /* CustomDrawingTests.m in Sources */,
			);
			runOnlyForDeploymentPostprocessing = 0;
		};
/* End PBXSourcesBuildPhase section */

/* Begin PBXTargetDependency section */
		7766151F1B2FE08200ADAA13 /* PBXTargetDependency */ = {
			isa = PBXTargetDependency;
			target = 776615031B2FE08200ADAA13 /* CustomDrawing */;
			targetProxy = 7766151E1B2FE08200ADAA13 /* PBXContainerItemProxy */;
		};
/* End PBXTargetDependency section */

/* Begin PBXVariantGroup section */
		776615111B2FE08200ADAA13 /* Main.storyboard */ = {
			isa = PBXVariantGroup;
			children = (
				776615121B2FE08200ADAA13 /* Base */,
			);
			name = Main.storyboard;
			sourceTree = "<group>";
		};
		776615161B2FE08200ADAA13 /* LaunchScreen.xib */ = {
			isa = PBXVariantGroup;
			children = (
				776615171B2FE08200ADAA13 /* Base */,
			);
			name = LaunchScreen.xib;
			sourceTree = "<group>";
		};
/* End PBXVariantGroup section */

/* Begin XCBuildConfiguration section */
		776615251B2FE08200ADAA13 /* Debug */ = {
			isa = XCBuildConfiguration;
			buildSettings = {
				ALWAYS_SEARCH_USER_PATHS = NO;
				CLANG_CXX_LANGUAGE_STANDARD = "gnu++0x";
				CLANG_CXX_LIBRARY = "libc++";
				CLANG_ENABLE_MODULES = YES;
				CLANG_ENABLE_OBJC_ARC = YES;
				CLANG_WARN_BOOL_CONVERSION = YES;
				CLANG_WARN_CONSTANT_CONVERSION = YES;
				CLANG_WARN_DIRECT_OBJC_ISA_USAGE = YES_ERROR;
				CLANG_WARN_EMPTY_BODY = YES;
				CLANG_WARN_ENUM_CONVERSION = YES;
				CLANG_WARN_INT_CONVERSION = YES;
				CLANG_WARN_OBJC_ROOT_CLASS = YES_ERROR;
				CLANG_WARN_UNREACHABLE_CODE = YES;
				CLANG_WARN__DUPLICATE_METHOD_MATCH = YES;
				"CODE_SIGN_IDENTITY[sdk=iphoneos*]" = "iPhone Developer";
				COPY_PHASE_STRIP = NO;
				DEBUG_INFORMATION_FORMAT = "dwarf-with-dsym";
				ENABLE_STRICT_OBJC_MSGSEND = YES;
				GCC_C_LANGUAGE_STANDARD = gnu99;
				GCC_DYNAMIC_NO_PIC = NO;
				GCC_NO_COMMON_BLOCKS = YES;
				GCC_OPTIMIZATION_LEVEL = 0;
				GCC_PREPROCESSOR_DEFINITIONS = (
					"DEBUG=1",
					"$(inherited)",
				);
				GCC_SYMBOLS_PRIVATE_EXTERN = NO;
				GCC_WARN_64_TO_32_BIT_CONVERSION = YES;
				GCC_WARN_ABOUT_RETURN_TYPE = YES_ERROR;
				GCC_WARN_UNDECLARED_SELECTOR = YES;
				GCC_WARN_UNINITIALIZED_AUTOS = YES_AGGRESSIVE;
				GCC_WARN_UNUSED_FUNCTION = YES;
				GCC_WARN_UNUSED_VARIABLE = YES;
				IPHONEOS_DEPLOYMENT_TARGET = 8.3;
				MTL_ENABLE_DEBUG_INFO = YES;
				ONLY_ACTIVE_ARCH = YES;
				SDKROOT = iphoneos;
			};
			name = Debug;
		};
		776615261B2FE08200ADAA13 /* Release */ = {
			isa = XCBuildConfiguration;
			buildSettings = {
				ALWAYS_SEARCH_USER_PATHS = NO;
				CLANG_CXX_LANGUAGE_STANDARD = "gnu++0x";
				CLANG_CXX_LIBRARY = "libc++";
				CLANG_ENABLE_MODULES = YES;
				CLANG_ENABLE_OBJC_ARC = YES;
				CLANG_WARN_BOOL_CONVERSION = YES;
				CLANG_WARN_CONSTANT_CONVERSION = YES;
				CLANG_WARN_DIRECT_OBJC_ISA_USAGE = YES_ERROR;
				CLANG_WARN_EMPTY_BODY = YES;
				CLANG_WARN_ENUM_CONVERSION = YES;
				CLANG_WARN_INT_CONVERSION = YES;
				CLANG_WARN_OBJC_ROOT_CLASS = YES_ERROR;
				CLANG_WARN_UNREACHABLE_CODE = YES;
				CLANG_WARN__DUPLICATE_METHOD_MATCH = YES;
				"CODE_SIGN_IDENTITY[sdk=iphoneos*]" = "iPhone Developer";
				COPY_PHASE_STRIP = NO;
				DEBUG_INFORMATION_FORMAT = "dwarf-with-dsym";
				ENABLE_NS_ASSERTIONS = NO;
				ENABLE_STRICT_OBJC_MSGSEND = YES;
				GCC_C_LANGUAGE_STANDARD = gnu99;
				GCC_NO_COMMON_BLOCKS = YES;
				GCC_WARN_64_TO_32_BIT_CONVERSION = YES;
				GCC_WARN_ABOUT_RETURN_TYPE = YES_ERROR;
				GCC_WARN_UNDECLARED_SELECTOR = YES;
				GCC_WARN_UNINITIALIZED_AUTOS = YES_AGGRESSIVE;
				GCC_WARN_UNUSED_FUNCTION = YES;
				GCC_WARN_UNUSED_VARIABLE = YES;
				IPHONEOS_DEPLOYMENT_TARGET = 8.3;
				MTL_ENABLE_DEBUG_INFO = NO;
				SDKROOT = iphoneos;
				VALIDATE_PRODUCT = YES;
			};
			name = Release;
		};
		776615281B2FE08200ADAA13 /* Debug */ = {
			isa = XCBuildConfiguration;
			buildSettings = {
				ASSETCATALOG_COMPILER_APPICON_NAME = AppIcon;
				CLANG_ENABLE_MODULES = YES;
				INFOPLIST_FILE = CustomDrawing/Info.plist;
				LD_RUNPATH_SEARCH_PATHS = "$(inherited) @executable_path/Frameworks";
				PRODUCT_NAME = "$(TARGET_NAME)";
				SWIFT_OPTIMIZATION_LEVEL = "-Onone";
			};
			name = Debug;
		};
		776615291B2FE08200ADAA13 /* Release */ = {
			isa = XCBuildConfiguration;
			buildSettings = {
				ASSETCATALOG_COMPILER_APPICON_NAME = AppIcon;
				CLANG_ENABLE_MODULES = YES;
				INFOPLIST_FILE = CustomDrawing/Info.plist;
				LD_RUNPATH_SEARCH_PATHS = "$(inherited) @executable_path/Frameworks";
				PRODUCT_NAME = "$(TARGET_NAME)";
			};
			name = Release;
		};
		7766152B1B2FE08200ADAA13 /* Debug */ = {
			isa = XCBuildConfiguration;
			buildSettings = {
				BUNDLE_LOADER = "$(TEST_HOST)";
				FRAMEWORK_SEARCH_PATHS = (
					"$(SDKROOT)/Developer/Library/Frameworks",
					"$(inherited)",
				);
				GCC_PREPROCESSOR_DEFINITIONS = (
					"DEBUG=1",
					"$(inherited)",
				);
				INFOPLIST_FILE = CustomDrawingTests/Info.plist;
				LD_RUNPATH_SEARCH_PATHS = "$(inherited) @executable_path/Frameworks @loader_path/Frameworks";
				PRODUCT_NAME = "$(TARGET_NAME)";
				TEST_HOST = "$(BUILT_PRODUCTS_DIR)/CustomDrawing.app/CustomDrawing";
			};
			name = Debug;
		};
		7766152C1B2FE08200ADAA13 /* Release */ = {
			isa = XCBuildConfiguration;
			buildSettings = {
				BUNDLE_LOADER = "$(TEST_HOST)";
				FRAMEWORK_SEARCH_PATHS = (
					"$(SDKROOT)/Developer/Library/Frameworks",
					"$(inherited)",
				);
				INFOPLIST_FILE = CustomDrawingTests/Info.plist;
				LD_RUNPATH_SEARCH_PATHS = "$(inherited) @executable_path/Frameworks @loader_path/Frameworks";
				PRODUCT_NAME = "$(TARGET_NAME)";
				TEST_HOST = "$(BUILT_PRODUCTS_DIR)/CustomDrawing.app/CustomDrawing";
			};
			name = Release;
		};
/* End XCBuildConfiguration section */

/* Begin XCConfigurationList section */
		776614FF1B2FE08200ADAA13 /* Build configuration list for PBXProject "CustomDrawing" */ = {
			isa = XCConfigurationList;
			buildConfigurations = (
				776615251B2FE08200ADAA13 /* Debug */,
				776615261B2FE08200ADAA13 /* Release */,
			);
			defaultConfigurationIsVisible = 0;
			defaultConfigurationName = Release;
		};
		776615271B2FE08200ADAA13 /* Build configuration list for PBXNativeTarget "CustomDrawing" */ = {
			isa = XCConfigurationList;
			buildConfigurations = (
				776615281B2FE08200ADAA13 /* Debug */,
				776615291B2FE08200ADAA13 /* Release */,
			);
			defaultConfigurationIsVisible = 0;
			defaultConfigurationName = Release;
		};
		7766152A1B2FE08200ADAA13 /* Build configuration list for PBXNativeTarget "CustomDrawingTests" */ = {
			isa = XCConfigurationList;
			buildConfigurations = (
				7766152B1B2FE08200ADAA13 /* Debug */,
				7766152C1B2FE08200ADAA13 /* Release */,
			);
			defaultConfigurationIsVisible = 0;
			defaultConfigurationName = Release;
		};
/* End XCConfigurationList section */
	};
	rootObject = 776614FC1B2FE08200ADAA13 /* Project object */;
}
